
Microsoft Visual Studio Solution File, Format Version 12.00
# Visual Studio 15
Project("{FAE04EC0-301F-11D3-BF4B-00C04F79EFBC}") = "Assembly-CSharp", "Assembly-CSharp.csproj", "{14D02F9B-3245-BDC5-5ED9-3F814D7D732B}"
EndProject
Project("{FAE04EC0-301F-11D3-BF4B-00C04F79EFBC}") = "Assembly-CSharp-Editor", "Assembly-CSharp-Editor.csproj", "{03D90567-158C-2975-D08A-3263F1BE5790}"
EndProject
Global
	GlobalSection(SolutionConfigurationPlatforms) = preSolution
		Debug|Any CPU = Debug|Any CPU
		Release|Any CPU = Release|Any CPU
	EndGlobalSection
	GlobalSection(ProjectConfigurationPlatforms) = postSolution
		{14D02F9B-3245-BDC5-5ED9-3F814D7D732B}.Debug|Any CPU.ActiveCfg = Debug|Any CPU
		{14D02F9B-3245-BDC5-5ED9-3F814D7D732B}.Debug|Any CPU.Build.0 = Debug|Any CPU
		{14D02F9B-3245-BDC5-5ED9-3F814D7D732B}.Release|Any CPU.ActiveCfg = Release|Any CPU
		{14D02F9B-3245-BDC5-5ED9-3F814D7D732B}.Release|Any CPU.Build.0 = Release|Any CPU
		{03D90567-158C-2975-D08A-3263F1BE5790}.Debug|Any CPU.ActiveCfg = Debug|Any CPU
		{03D90567-158C-2975-D08A-3263F1BE5790}.Debug|Any CPU.Build.0 = Debug|Any CPU
		{03D90567-158C-2975-D08A-3263F1BE5790}.Release|Any CPU.ActiveCfg = Release|Any CPU
		{03D90567-158C-2975-D08A-3263F1BE5790}.Release|Any CPU.Build.0 = Release|Any CPU
	EndGlobalSection
	GlobalSection(SolutionProperties) = preSolution
		HideSolutionNode = FALSE
	EndGlobalSection
EndGlobal
